
Microsoft Visual Studio Solution File, Format Version 12.00
# Visual Studio Version 16
VisualStudioVersion = 16.0.30225.117
MinimumVisualStudioVersion = 10.0.40219.1
Project("{FAE04EC0-301F-11D3-BF4B-00C04F79EFBC}") = "CadastroCliente", "CadastroCliente.csproj", "{7EC1ACA6-C2FC-4FC5-ABBB-A53B5E05038C}"
EndProject
Global
	GlobalSection(SolutionConfigurationPlatforms) = preSolution
		Debug|Any CPU = Debug|Any CPU
		Release|Any CPU = Release|Any CPU
	EndGlobalSection
	GlobalSection(ProjectConfigurationPlatforms) = postSolution
		{7EC1ACA6-C2FC-4FC5-ABBB-A53B5E05038C}.Debug|Any CPU.ActiveCfg = Debug|Any CPU
		{7EC1ACA6-C2FC-4FC5-ABBB-A53B5E05038C}.Debug|Any CPU.Build.0 = Debug|Any CPU
		{7EC1ACA6-C2FC-4FC5-ABBB-A53B5E05038C}.Release|Any CPU.ActiveCfg = Release|Any CPU
		{7EC1ACA6-C2FC-4FC5-ABBB-A53B5E05038C}.Release|Any CPU.Build.0 = Release|Any CPU
	EndGlobalSection
	GlobalSection(SolutionProperties) = preSolution
		HideSolutionNode = FALSE
	EndGlobalSection
	GlobalSection(ExtensibilityGlobals) = postSolution
		SolutionGuid = {FA122015-017F-401B-9A7A-634E0A176E2C}
	EndGlobalSection
EndGlobal
